{
  "version": 4,
  "terraform_version": "1.13.3",
  "serial": 3,
  "lineage": "e5a2749d-09ea-f50b-3e8c-b5a38d62ae5e",
  "outputs": {
    "log_analytics_workspace_id": {
      "value": "/subscriptions/94f38412-81fa-40e3-abb9-56c0af4a75c2/resourceGroups/rg-vm-observability-dev/providers/Microsoft.OperationalInsights/workspaces/law-vm-observability-dev",
      "type": "string"
    },
    "resource_group_name": {
      "value": "rg-vm-observability-dev",
      "type": "string"
    }
  },
  "resources": [
    {
      "mode": "managed",
      "type": "azurerm_log_analytics_workspace",
      "name": "law",
      "provider": "provider[\"registry.terraform.io/hashicorp/azurerm\"]",
      "instances": [
        {
          "schema_version": 3,
          "attributes": {
            "allow_resource_only_permissions": true,
            "cmk_for_query_forced": false,
            "daily_quota_gb": -1,
            "data_collection_rule_id": "",
            "id": "/subscriptions/94f38412-81fa-40e3-abb9-56c0af4a75c2/resourceGroups/rg-vm-observability-dev/providers/Microsoft.OperationalInsights/workspaces/law-vm-observability-dev",
            "identity": [],
            "immediate_data_purge_on_30_days_enabled": false,
            "internet_ingestion_enabled": true,
            "internet_query_enabled": true,
            "local_authentication_disabled": false,
            "location": "eastus",
            "name": "law-vm-observability-dev",
            "primary_shared_key": "6T7Ap1AxPZ7Gyp/DIZP7BSFnTrQQkrzkhBPEkutYPNohku3KtFa+goUyyzukTRbkDIWIB2mHfmenMErzsZ/MlQ==",
            "reservation_capacity_in_gb_per_day": null,
            "resource_group_name": "rg-vm-observability-dev",
            "retention_in_days": 30,
            "secondary_shared_key": "TfJfO3dPhAbf4apJG8JQOAgCgMyf9U3DlgeDh6gD5vmjLOJFJcDj7QMjiZpuvvHFtd7ZUkSBhliK0QySCnCdIA==",
            "sku": "PerGB2018",
            "tags": {
              "Environment": "dev",
              "Owner": "Ravi",
              "Project": "vm-observability",
              "Purpose": "Azure Monitoring Lab"
            },
            "timeouts": null,
            "workspace_id": "d49f9fc5-36a6-4a1e-af72-b3ace4bb414c"
          },
          "sensitive_attributes": [
            [
              {
                "type": "get_attr",
                "value": "primary_shared_key"
              }
            ],
            [
              {
                "type": "get_attr",
                "value": "secondary_shared_key"
              }
            ]
          ],
          "identity_schema_version": 0,
          "private": "eyJlMmJmYjczMC1lY2FhLTExZTYtOGY4OC0zNDM2M2JjN2M0YzAiOnsiY3JlYXRlIjoxODAwMDAwMDAwMDAwLCJkZWxldGUiOjE4MDAwMDAwMDAwMDAsInJlYWQiOjMwMDAwMDAwMDAwMCwidXBkYXRlIjoxODAwMDAwMDAwMDAwfSwic2NoZW1hX3ZlcnNpb24iOiIzIn0=",
          "dependencies": [
            "azurerm_resource_group.rg"
          ]
        }
      ]
    },
    {
      "mode": "managed",
      "type": "azurerm_resource_group",
      "name": "rg",
      "provider": "provider[\"registry.terraform.io/hashicorp/azurerm\"]",
      "instances": [
        {
          "schema_version": 0,
          "attributes": {
            "id": "/subscriptions/94f38412-81fa-40e3-abb9-56c0af4a75c2/resourceGroups/rg-vm-observability-dev",
            "location": "eastus",
            "managed_by": "",
            "name": "rg-vm-observability-dev",
            "tags": {
              "Environment": "dev",
              "Owner": "Ravi",
              "Project": "vm-observability",
              "Purpose": "Azure Monitoring Lab"
            },
            "timeouts": null
          },
          "sensitive_attributes": [],
          "identity_schema_version": 0,
          "private": "eyJlMmJmYjczMC1lY2FhLTExZTYtOGY4OC0zNDM2M2JjN2M0YzAiOnsiY3JlYXRlIjo1NDAwMDAwMDAwMDAwLCJkZWxldGUiOjU0MDAwMDAwMDAwMDAsInJlYWQiOjMwMDAwMDAwMDAwMCwidXBkYXRlIjo1NDAwMDAwMDAwMDAwfX0="
        }
      ]
    }
  ],
  "check_results": null
}
